
Microsoft Visual Studio Solution File, Format Version 12.00
# Visual Studio 2012
Project("{FAE04EC0-301F-11D3-BF4B-00C04F79EFBC}") = "SignalRStockTicker", "SignalRStockTicker\SignalRStockTicker.csproj", "{80960E36-D144-406C-AD6C-CBE7E7D6DF46}"
EndProject
Project("{FAE04EC0-301F-11D3-BF4B-00C04F79EFBC}") = "SignalRStockTicker.Tests", "SignalRStockTicker.Tests\SignalRStockTicker.Tests.csproj", "{741ACC78-EBF6-4BC0-9071-6AE7AFCA3A28}"
EndProject
Project("{2150E333-8FDC-42A3-9474-1A3956D46DE8}") = ".nuget", ".nuget", "{0CD4A087-F50E-483D-BFA1-0A0913C29E1F}"
	ProjectSection(SolutionItems) = preProject
		.nuget\NuGet.Config = .nuget\NuGet.Config
		.nuget\NuGet.exe = .nuget\NuGet.exe
		.nuget\NuGet.targets = .nuget\NuGet.targets
	EndProjectSection
EndProject
Global
	GlobalSection(SolutionConfigurationPlatforms) = preSolution
		Debug|Any CPU = Debug|Any CPU
		Release|Any CPU = Release|Any CPU
	EndGlobalSection
	GlobalSection(ProjectConfigurationPlatforms) = postSolution
		{80960E36-D144-406C-AD6C-CBE7E7D6DF46}.Debug|Any CPU.ActiveCfg = Debug|Any CPU
		{80960E36-D144-406C-AD6C-CBE7E7D6DF46}.Debug|Any CPU.Build.0 = Debug|Any CPU
		{80960E36-D144-406C-AD6C-CBE7E7D6DF46}.Release|Any CPU.ActiveCfg = Release|Any CPU
		{80960E36-D144-406C-AD6C-CBE7E7D6DF46}.Release|Any CPU.Build.0 = Release|Any CPU
		{741ACC78-EBF6-4BC0-9071-6AE7AFCA3A28}.Debug|Any CPU.ActiveCfg = Debug|Any CPU
		{741ACC78-EBF6-4BC0-9071-6AE7AFCA3A28}.Debug|Any CPU.Build.0 = Debug|Any CPU
		{741ACC78-EBF6-4BC0-9071-6AE7AFCA3A28}.Release|Any CPU.ActiveCfg = Release|Any CPU
		{741ACC78-EBF6-4BC0-9071-6AE7AFCA3A28}.Release|Any CPU.Build.0 = Release|Any CPU
	EndGlobalSection
	GlobalSection(SolutionProperties) = preSolution
		HideSolutionNode = FALSE
	EndGlobalSection
EndGlobal
